// !$*UTF8*$!
{
	archiveVersion = 1;
	classes = {
	};
	objectVersion = 55;
	objects = {

/* Begin PBXBuildFile section */
		98902D73269B75E700268871 /* TCASnakeApp.swift in Sources */ = {isa = PBXBuildFile; fileRef = 98902D65269B75E600268871 /* TCASnakeApp.swift */; };
		98902D77269B75E700268871 /* Assets.xcassets in Resources */ = {isa = PBXBuildFile; fileRef = 98902D67269B75E700268871 /* Assets.xcassets */; };
		98902D89269B76F300268871 /* ComposableArchitecture in Frameworks */ = {isa = PBXBuildFile; productRef = 98902D88269B76F300268871 /* ComposableArchitecture */; };
		98C4DAF6269BC79900D21626 /* OMJoystick in Frameworks */ = {isa = PBXBuildFile; productRef = 98C4DAF5269BC79900D21626 /* OMJoystick */; };
		98E2D472269DF89E00E42156 /* Coordinate.swift in Sources */ = {isa = PBXBuildFile; fileRef = 98E2D471269DF89E00E42156 /* Coordinate.swift */; };
		98E2D474269DF8A700E42156 /* Direction.swift in Sources */ = {isa = PBXBuildFile; fileRef = 98E2D473269DF8A700E42156 /* Direction.swift */; };
		98E2D476269DF8DA00E42156 /* GameAction.swift in Sources */ = {isa = PBXBuildFile; fileRef = 98E2D475269DF8DA00E42156 /* GameAction.swift */; };
		98E2D47A269DF90600E42156 /* GameEnvironment.swift in Sources */ = {isa = PBXBuildFile; fileRef = 98E2D479269DF90600E42156 /* GameEnvironment.swift */; };
		98E2D47C269DF91D00E42156 /* GameState.swift in Sources */ = {isa = PBXBuildFile; fileRef = 98E2D47B269DF91D00E42156 /* GameState.swift */; };
		98E2D47E269DF93100E42156 /* GameReducer.swift in Sources */ = {isa = PBXBuildFile; fileRef = 98E2D47D269DF93100E42156 /* GameReducer.swift */; };
		98E2D480269DF95000E42156 /* GameView.swift in Sources */ = {isa = PBXBuildFile; fileRef = 98E2D47F269DF95000E42156 /* GameView.swift */; };
/* End PBXBuildFile section */

/* Begin PBXFileReference section */
		98643D3226A104D700A052B9 /* TCA-Snake-Info.plist */ = {isa = PBXFileReference; lastKnownFileType = text.plist; path = "TCA-Snake-Info.plist"; sourceTree = "<group>"; };
		986E4B5E269CC79B00251F51 /* Snake.entitlements */ = {isa = PBXFileReference; lastKnownFileType = text.plist.entitlements; path = Snake.entitlements; sourceTree = "<group>"; };
		98902D65269B75E600268871 /* TCASnakeApp.swift */ = {isa = PBXFileReference; lastKnownFileType = sourcecode.swift; path = TCASnakeApp.swift; sourceTree = "<group>"; };
		98902D67269B75E700268871 /* Assets.xcassets */ = {isa = PBXFileReference; lastKnownFileType = folder.assetcatalog; path = Assets.xcassets; sourceTree = "<group>"; };
		98902D6C269B75E700268871 /* TCA Snake.app */ = {isa = PBXFileReference; explicitFileType = wrapper.application; includeInIndex = 0; path = "TCA Snake.app"; sourceTree = BUILT_PRODUCTS_DIR; };
		98E2D471269DF89E00E42156 /* Coordinate.swift */ = {isa = PBXFileReference; lastKnownFileType = sourcecode.swift; path = Coordinate.swift; sourceTree = "<group>"; };
		98E2D473269DF8A700E42156 /* Direction.swift */ = {isa = PBXFileReference; lastKnownFileType = sourcecode.swift; path = Direction.swift; sourceTree = "<group>"; };
		98E2D475269DF8DA00E42156 /* GameAction.swift */ = {isa = PBXFileReference; lastKnownFileType = sourcecode.swift; path = GameAction.swift; sourceTree = "<group>"; };
		98E2D479269DF90600E42156 /* GameEnvironment.swift */ = {isa = PBXFileReference; lastKnownFileType = sourcecode.swift; path = GameEnvironment.swift; sourceTree = "<group>"; };
		98E2D47B269DF91D00E42156 /* GameState.swift */ = {isa = PBXFileReference; lastKnownFileType = sourcecode.swift; path = GameState.swift; sourceTree = "<group>"; };
		98E2D47D269DF93100E42156 /* GameReducer.swift */ = {isa = PBXFileReference; lastKnownFileType = sourcecode.swift; path = GameReducer.swift; sourceTree = "<group>"; };
		98E2D47F269DF95000E42156 /* GameView.swift */ = {isa = PBXFileReference; lastKnownFileType = sourcecode.swift; path = GameView.swift; sourceTree = "<group>"; };
/* End PBXFileReference section */

/* Begin PBXFrameworksBuildPhase section */
		98902D69269B75E700268871 /* Frameworks */ = {
			isa = PBXFrameworksBuildPhase;
			buildActionMask = 2147483647;
			files = (
				98C4DAF6269BC79900D21626 /* OMJoystick in Frameworks */,
				98902D89269B76F300268871 /* ComposableArchitecture in Frameworks */,
			);
			runOnlyForDeploymentPostprocessing = 0;
		};
/* End PBXFrameworksBuildPhase section */

/* Begin PBXGroup section */
		98902D5F269B75E600268871 = {
			isa = PBXGroup;
			children = (
				98643D3226A104D700A052B9 /* TCA-Snake-Info.plist */,
				986E4B5E269CC79B00251F51 /* Snake.entitlements */,
				98902D64269B75E600268871 /* Sources */,
				98902D6D269B75E700268871 /* Products */,
				98C4DAF4269BC79900D21626 /* Frameworks */,
			);
			sourceTree = "<group>";
		};
		98902D64269B75E600268871 /* Sources */ = {
			isa = PBXGroup;
			children = (
				98902D65269B75E600268871 /* TCASnakeApp.swift */,
				98E2D478269DF8EF00E42156 /* Core */,
				98E2D477269DF8E700E42156 /* Models */,
				98902D67269B75E700268871 /* Assets.xcassets */,
			);
			path = Sources;
			sourceTree = "<group>";
		};
		98902D6D269B75E700268871 /* Products */ = {
			isa = PBXGroup;
			children = (
				98902D6C269B75E700268871 /* TCA Snake.app */,
			);
			name = Products;
			sourceTree = "<group>";
		};
		98C4DAF4269BC79900D21626 /* Frameworks */ = {
			isa = PBXGroup;
			children = (
			);
			name = Frameworks;
			sourceTree = "<group>";
		};
		98E2D477269DF8E700E42156 /* Models */ = {
			isa = PBXGroup;
			children = (
				98E2D471269DF89E00E42156 /* Coordinate.swift */,
				98E2D473269DF8A700E42156 /* Direction.swift */,
			);
			path = Models;
			sourceTree = "<group>";
		};
		98E2D478269DF8EF00E42156 /* Core */ = {
			isa = PBXGroup;
			children = (
				98E2D475269DF8DA00E42156 /* GameAction.swift */,
				98E2D479269DF90600E42156 /* GameEnvironment.swift */,
				98E2D47B269DF91D00E42156 /* GameState.swift */,
				98E2D47D269DF93100E42156 /* GameReducer.swift */,
				98E2D47F269DF95000E42156 /* GameView.swift */,
			);
			name = Core;
			sourceTree = "<group>";
		};
/* End PBXGroup section */

/* Begin PBXNativeTarget section */
		98902D6B269B75E700268871 /* TCA Snake */ = {
			isa = PBXNativeTarget;
			buildConfigurationList = 98902D7B269B75E700268871 /* Build configuration list for PBXNativeTarget "TCA Snake" */;
			buildPhases = (
				98902D68269B75E700268871 /* Sources */,
				98902D69269B75E700268871 /* Frameworks */,
				98902D6A269B75E700268871 /* Resources */,
			);
			buildRules = (
			);
			dependencies = (
			);
			name = "TCA Snake";
			packageProductDependencies = (
				98902D88269B76F300268871 /* ComposableArchitecture */,
				98C4DAF5269BC79900D21626 /* OMJoystick */,
			);
			productName = "Snake (iOS)";
			productReference = 98902D6C269B75E700268871 /* TCA Snake.app */;
			productType = "com.apple.product-type.application";
		};
/* End PBXNativeTarget section */

/* Begin PBXProject section */
		98902D60269B75E600268871 /* Project object */ = {
			isa = PBXProject;
			attributes = {
				BuildIndependentTargetsInParallel = 1;
				LastSwiftUpdateCheck = 1300;
				LastUpgradeCheck = 1300;
				TargetAttributes = {
					98902D6B269B75E700268871 = {
						CreatedOnToolsVersion = 13.0;
					};
				};
			};
			buildConfigurationList = 98902D63269B75E600268871 /* Build configuration list for PBXProject "TCA Snake" */;
			compatibilityVersion = "Xcode 13.0";
			developmentRegion = en;
			hasScannedForEncodings = 0;
			knownRegions = (
				en,
				Base,
			);
			mainGroup = 98902D5F269B75E600268871;
			packageReferences = (
				98902D87269B76F300268871 /* XCRemoteSwiftPackageReference "swift-composable-architecture" */,
				98C4DAF3269BC78700D21626 /* XCRemoteSwiftPackageReference "OMJoystick" */,
			);
			productRefGroup = 98902D6D269B75E700268871 /* Products */;
			projectDirPath = "";
			projectRoot = "";
			targets = (
				98902D6B269B75E700268871 /* TCA Snake */,
			);
		};
/* End PBXProject section */

/* Begin PBXResourcesBuildPhase section */
		98902D6A269B75E700268871 /* Resources */ = {
			isa = PBXResourcesBuildPhase;
			buildActionMask = 2147483647;
			files = (
				98902D77269B75E700268871 /* Assets.xcassets in Resources */,
			);
			runOnlyForDeploymentPostprocessing = 0;
		};
/* End PBXResourcesBuildPhase section */

/* Begin PBXSourcesBuildPhase section */
		98902D68269B75E700268871 /* Sources */ = {
			isa = PBXSourcesBuildPhase;
			buildActionMask = 2147483647;
			files = (
				98E2D47E269DF93100E42156 /* GameReducer.swift in Sources */,
				98E2D47C269DF91D00E42156 /* GameState.swift in Sources */,
				98902D73269B75E700268871 /* TCASnakeApp.swift in Sources */,
				98E2D480269DF95000E42156 /* GameView.swift in Sources */,
				98E2D476269DF8DA00E42156 /* GameAction.swift in Sources */,
				98E2D47A269DF90600E42156 /* GameEnvironment.swift in Sources */,
				98E2D472269DF89E00E42156 /* Coordinate.swift in Sources */,
				98E2D474269DF8A700E42156 /* Direction.swift in Sources */,
			);
			runOnlyForDeploymentPostprocessing = 0;
		};
/* End PBXSourcesBuildPhase section */

/* Begin XCBuildConfiguration section */
		98902D79269B75E700268871 /* Debug */ = {
			isa = XCBuildConfiguration;
			buildSettings = {
				ALWAYS_SEARCH_USER_PATHS = NO;
				CLANG_ANALYZER_NONNULL = YES;
				CLANG_ANALYZER_NUMBER_OBJECT_CONVERSION = YES_AGGRESSIVE;
				CLANG_CXX_LANGUAGE_STANDARD = "gnu++14";
				CLANG_CXX_LIBRARY = "libc++";
				CLANG_ENABLE_MODULES = YES;
				CLANG_ENABLE_OBJC_ARC = YES;
				CLANG_ENABLE_OBJC_WEAK = YES;
				CLANG_WARN_BLOCK_CAPTURE_AUTORELEASING = YES;
				CLANG_WARN_BOOL_CONVERSION = YES;
				CLANG_WARN_COMMA = YES;
				CLANG_WARN_CONSTANT_CONVERSION = YES;
				CLANG_WARN_DEPRECATED_OBJC_IMPLEMENTATIONS = YES;
				CLANG_WARN_DIRECT_OBJC_ISA_USAGE = YES_ERROR;
				CLANG_WARN_DOCUMENTATION_COMMENTS = YES;
				CLANG_WARN_EMPTY_BODY = YES;
				CLANG_WARN_ENUM_CONVERSION = YES;
				CLANG_WARN_INFINITE_RECURSION = YES;
				CLANG_WARN_INT_CONVERSION = YES;
				CLANG_WARN_NON_LITERAL_NULL_CONVERSION = YES;
				CLANG_WARN_OBJC_IMPLICIT_RETAIN_SELF = YES;
				CLANG_WARN_OBJC_LITERAL_CONVERSION = YES;
				CLANG_WARN_OBJC_ROOT_CLASS = YES_ERROR;
				CLANG_WARN_QUOTED_INCLUDE_IN_FRAMEWORK_HEADER = YES;
				CLANG_WARN_RANGE_LOOP_ANALYSIS = YES;
				CLANG_WARN_STRICT_PROTOTYPES = YES;
				CLANG_WARN_SUSPICIOUS_MOVE = YES;
				CLANG_WARN_UNGUARDED_AVAILABILITY = YES_AGGRESSIVE;
				CLANG_WARN_UNREACHABLE_CODE = YES;
				CLANG_WARN__DUPLICATE_METHOD_MATCH = YES;
				COPY_PHASE_STRIP = NO;
				DEBUG_INFORMATION_FORMAT = dwarf;
				ENABLE_STRICT_OBJC_MSGSEND = YES;
				ENABLE_TESTABILITY = YES;
				GCC_C_LANGUAGE_STANDARD = gnu11;
				GCC_DYNAMIC_NO_PIC = NO;
				GCC_NO_COMMON_BLOCKS = YES;
				GCC_OPTIMIZATION_LEVEL = 0;
				GCC_PREPROCESSOR_DEFINITIONS = (
					"DEBUG=1",
					"$(inherited)",
				);
				GCC_WARN_64_TO_32_BIT_CONVERSION = YES;
				GCC_WARN_ABOUT_RETURN_TYPE = YES_ERROR;
				GCC_WARN_UNDECLARED_SELECTOR = YES;
				GCC_WARN_UNINITIALIZED_AUTOS = YES_AGGRESSIVE;
				GCC_WARN_UNUSED_FUNCTION = YES;
				GCC_WARN_UNUSED_VARIABLE = YES;
				IPHONEOS_DEPLOYMENT_TARGET = 15.0;
				MACOSX_DEPLOYMENT_TARGET = 12.0;
				MTL_ENABLE_DEBUG_INFO = INCLUDE_SOURCE;
				MTL_FAST_MATH = YES;
				ONLY_ACTIVE_ARCH = YES;
				SWIFT_ACTIVE_COMPILATION_CONDITIONS = DEBUG;
				SWIFT_OPTIMIZATION_LEVEL = "-Onone";
			};
			name = Debug;
		};
		98902D7A269B75E700268871 /* Release */ = {
			isa = XCBuildConfiguration;
			buildSettings = {
				ALWAYS_SEARCH_USER_PATHS = NO;
				CLANG_ANALYZER_NONNULL = YES;
				CLANG_ANALYZER_NUMBER_OBJECT_CONVERSION = YES_AGGRESSIVE;
				CLANG_CXX_LANGUAGE_STANDARD = "gnu++14";
				CLANG_CXX_LIBRARY = "libc++";
				CLANG_ENABLE_MODULES = YES;
				CLANG_ENABLE_OBJC_ARC = YES;
				CLANG_ENABLE_OBJC_WEAK = YES;
				CLANG_WARN_BLOCK_CAPTURE_AUTORELEASING = YES;
				CLANG_WARN_BOOL_CONVERSION = YES;
				CLANG_WARN_COMMA = YES;
				CLANG_WARN_CONSTANT_CONVERSION = YES;
				CLANG_WARN_DEPRECATED_OBJC_IMPLEMENTATIONS = YES;
				CLANG_WARN_DIRECT_OBJC_ISA_USAGE = YES_ERROR;
				CLANG_WARN_DOCUMENTATION_COMMENTS = YES;
				CLANG_WARN_EMPTY_BODY = YES;
				CLANG_WARN_ENUM_CONVERSION = YES;
				CLANG_WARN_INFINITE_RECURSION = YES;
				CLANG_WARN_INT_CONVERSION = YES;
				CLANG_WARN_NON_LITERAL_NULL_CONVERSION = YES;
				CLANG_WARN_OBJC_IMPLICIT_RETAIN_SELF = YES;
				CLANG_WARN_OBJC_LITERAL_CONVERSION = YES;
				CLANG_WARN_OBJC_ROOT_CLASS = YES_ERROR;
				CLANG_WARN_QUOTED_INCLUDE_IN_FRAMEWORK_HEADER = YES;
				CLANG_WARN_RANGE_LOOP_ANALYSIS = YES;
				CLANG_WARN_STRICT_PROTOTYPES = YES;
				CLANG_WARN_SUSPICIOUS_MOVE = YES;
				CLANG_WARN_UNGUARDED_AVAILABILITY = YES_AGGRESSIVE;
				CLANG_WARN_UNREACHABLE_CODE = YES;
				CLANG_WARN__DUPLICATE_METHOD_MATCH = YES;
				COPY_PHASE_STRIP = NO;
				DEBUG_INFORMATION_FORMAT = "dwarf-with-dsym";
				ENABLE_NS_ASSERTIONS = NO;
				ENABLE_STRICT_OBJC_MSGSEND = YES;
				GCC_C_LANGUAGE_STANDARD = gnu11;
				GCC_NO_COMMON_BLOCKS = YES;
				GCC_WARN_64_TO_32_BIT_CONVERSION = YES;
				GCC_WARN_ABOUT_RETURN_TYPE = YES_ERROR;
				GCC_WARN_UNDECLARED_SELECTOR = YES;
				GCC_WARN_UNINITIALIZED_AUTOS = YES_AGGRESSIVE;
				GCC_WARN_UNUSED_FUNCTION = YES;
				GCC_WARN_UNUSED_VARIABLE = YES;
				IPHONEOS_DEPLOYMENT_TARGET = 15.0;
				MACOSX_DEPLOYMENT_TARGET = 12.0;
				MTL_ENABLE_DEBUG_INFO = NO;
				MTL_FAST_MATH = YES;
				SWIFT_COMPILATION_MODE = wholemodule;
				SWIFT_OPTIMIZATION_LEVEL = "-O";
			};
			name = Release;
		};
		98902D7C269B75E700268871 /* Debug */ = {
			isa = XCBuildConfiguration;
			buildSettings = {
				ASSETCATALOG_COMPILER_APPICON_NAME = AppIcon;
				ASSETCATALOG_COMPILER_GLOBAL_ACCENT_COLOR_NAME = AccentColor;
				CODE_SIGN_ENTITLEMENTS = Snake.entitlements;
				CODE_SIGN_STYLE = Automatic;
				CURRENT_PROJECT_VERSION = 1;
				DEVELOPMENT_TEAM = 8B8QZZ6VNV;
				ENABLE_PREVIEWS = YES;
				GENERATE_INFOPLIST_FILE = YES;
				INFOPLIST_FILE = "TCA-Snake-Info.plist";
				INFOPLIST_KEY_CFBundleExecutable = "TCA-Snake";
				INFOPLIST_KEY_CFBundleName = "TCA Snake";
				INFOPLIST_KEY_CFBundleVersion = 1;
				INFOPLIST_KEY_UIApplicationSceneManifest_Generation = YES;
				INFOPLIST_KEY_UIApplicationSupportsIndirectInputEvents = YES;
				INFOPLIST_KEY_UILaunchScreen_Generation = YES;
				INFOPLIST_KEY_UISupportedInterfaceOrientations_iPad = "UIInterfaceOrientationPortrait UIInterfaceOrientationPortraitUpsideDown UIInterfaceOrientationLandscapeLeft UIInterfaceOrientationLandscapeRight";
				INFOPLIST_KEY_UISupportedInterfaceOrientations_iPhone = "UIInterfaceOrientationPortrait UIInterfaceOrientationLandscapeLeft UIInterfaceOrientationLandscapeRight";
				IPHONEOS_DEPLOYMENT_TARGET = 15.0;
				LD_RUNPATH_SEARCH_PATHS = (
					"$(inherited)",
					"@executable_path/Frameworks",
				);
				MARKETING_VERSION = 1.0;
				PRODUCT_BUNDLE_IDENTIFIER = "software.larson.TCA-Snake";
				PRODUCT_NAME = "TCA Snake";
				SDKROOT = iphoneos;
				SUPPORTS_MACCATALYST = YES;
				SWIFT_EMIT_LOC_STRINGS = YES;
				SWIFT_VERSION = 5.0;
				TARGETED_DEVICE_FAMILY = "1,2";
			};
			name = Debug;
		};
		98902D7D269B75E700268871 /* Release */ = {
			isa = XCBuildConfiguration;
			buildSettings = {
				ASSETCATALOG_COMPILER_APPICON_NAME = AppIcon;
				ASSETCATALOG_COMPILER_GLOBAL_ACCENT_COLOR_NAME = AccentColor;
				CODE_SIGN_ENTITLEMENTS = Snake.entitlements;
				CODE_SIGN_STYLE = Automatic;
				CURRENT_PROJECT_VERSION = 1;
				DEVELOPMENT_TEAM = 8B8QZZ6VNV;
				ENABLE_PREVIEWS = YES;
				GENERATE_INFOPLIST_FILE = YES;
				INFOPLIST_FILE = "TCA-Snake-Info.plist";
				INFOPLIST_KEY_CFBundleExecutable = "TCA-Snake";
				INFOPLIST_KEY_CFBundleName = "TCA Snake";
				INFOPLIST_KEY_CFBundleVersion = 1;
				INFOPLIST_KEY_UIApplicationSceneManifest_Generation = YES;
				INFOPLIST_KEY_UIApplicationSupportsIndirectInputEvents = YES;
				INFOPLIST_KEY_UILaunchScreen_Generation = YES;
				INFOPLIST_KEY_UISupportedInterfaceOrientations_iPad = "UIInterfaceOrientationPortrait UIInterfaceOrientationPortraitUpsideDown UIInterfaceOrientationLandscapeLeft UIInterfaceOrientationLandscapeRight";
				INFOPLIST_KEY_UISupportedInterfaceOrientations_iPhone = "UIInterfaceOrientationPortrait UIInterfaceOrientationLandscapeLeft UIInterfaceOrientationLandscapeRight";
				IPHONEOS_DEPLOYMENT_TARGET = 15.0;
				LD_RUNPATH_SEARCH_PATHS = (
					"$(inherited)",
					"@executable_path/Frameworks",
				);
				MARKETING_VERSION = 1.0;
				PRODUCT_BUNDLE_IDENTIFIER = "software.larson.TCA-Snake";
				PRODUCT_NAME = "TCA Snake";
				SDKROOT = iphoneos;
				SUPPORTS_MACCATALYST = YES;
				SWIFT_EMIT_LOC_STRINGS = YES;
				SWIFT_VERSION = 5.0;
				TARGETED_DEVICE_FAMILY = "1,2";
				VALIDATE_PRODUCT = YES;
			};
			name = Release;
		};
/* End XCBuildConfiguration section */

/* Begin XCConfigurationList section */
		98902D63269B75E600268871 /* Build configuration list for PBXProject "TCA Snake" */ = {
			isa = XCConfigurationList;
			buildConfigurations = (
				98902D79269B75E700268871 /* Debug */,
				98902D7A269B75E700268871 /* Release */,
			);
			defaultConfigurationIsVisible = 0;
			defaultConfigurationName = Release;
		};
		98902D7B269B75E700268871 /* Build configuration list for PBXNativeTarget "TCA Snake" */ = {
			isa = XCConfigurationList;
			buildConfigurations = (
				98902D7C269B75E700268871 /* Debug */,
				98902D7D269B75E700268871 /* Release */,
			);
			defaultConfigurationIsVisible = 0;
			defaultConfigurationName = Release;
		};
/* End XCConfigurationList section */

/* Begin XCRemoteSwiftPackageReference section */
		98902D87269B76F300268871 /* XCRemoteSwiftPackageReference "swift-composable-architecture" */ = {
			isa = XCRemoteSwiftPackageReference;
			repositoryURL = "https://github.com/pointfreeco/swift-composable-architecture";
			requirement = {
				kind = upToNextMajorVersion;
				minimumVersion = 0.9.0;
			};
		};
		98C4DAF3269BC78700D21626 /* XCRemoteSwiftPackageReference "OMJoystick" */ = {
			isa = XCRemoteSwiftPackageReference;
			repositoryURL = "https://github.com/tichise/OMJoystick";
			requirement = {
				kind = upToNextMajorVersion;
				minimumVersion = 0.6.2;
			};
		};
/* End XCRemoteSwiftPackageReference section */

/* Begin XCSwiftPackageProductDependency section */
		98902D88269B76F300268871 /* ComposableArchitecture */ = {
			isa = XCSwiftPackageProductDependency;
			package = 98902D87269B76F300268871 /* XCRemoteSwiftPackageReference "swift-composable-architecture" */;
			productName = ComposableArchitecture;
		};
		98C4DAF5269BC79900D21626 /* OMJoystick */ = {
			isa = XCSwiftPackageProductDependency;
			package = 98C4DAF3269BC78700D21626 /* XCRemoteSwiftPackageReference "OMJoystick" */;
			productName = OMJoystick;
		};
/* End XCSwiftPackageProductDependency section */
	};
	rootObject = 98902D60269B75E600268871 /* Project object */;
}
